
Microsoft Visual Studio Solution File, Format Version 12.00
# Visual Studio Version 16
VisualStudioVersion = 16.0.29709.97
MinimumVisualStudioVersion = 10.0.40219.1
Project("{FAE04EC0-301F-11D3-BF4B-00C04F79EFBC}") = "dampbot", "dampbot\dampbot.csproj", "{B12444F1-A36C-4C93-A5A1-E2E052F7A89C}"
EndProject
Global
	GlobalSection(SolutionConfigurationPlatforms) = preSolution
		Debug|Any CPU = Debug|Any CPU
		Release|Any CPU = Release|Any CPU
	EndGlobalSection
	GlobalSection(ProjectConfigurationPlatforms) = postSolution
		{B12444F1-A36C-4C93-A5A1-E2E052F7A89C}.Debug|Any CPU.ActiveCfg = Debug|Any CPU
		{B12444F1-A36C-4C93-A5A1-E2E052F7A89C}.Debug|Any CPU.Build.0 = Debug|Any CPU
		{B12444F1-A36C-4C93-A5A1-E2E052F7A89C}.Release|Any CPU.ActiveCfg = Release|Any CPU
		{B12444F1-A36C-4C93-A5A1-E2E052F7A89C}.Release|Any CPU.Build.0 = Release|Any CPU
	EndGlobalSection
	GlobalSection(SolutionProperties) = preSolution
		HideSolutionNode = FALSE
	EndGlobalSection
	GlobalSection(ExtensibilityGlobals) = postSolution
		SolutionGuid = {DDA79907-EFD1-4C60-9D6A-EF1F5FA5B4D6}
	EndGlobalSection
EndGlobal
